dependencies:
- name: postgresql
  repository: oci://registry-1.docker.io/bitnamicharts
  version: 15.5.20
- name: kuberay-operator
  repository: https://ray-project.github.io/kuberay-helm/
  version: 1.2.2
- name: kuberay-apiserver
  repository: https://ray-project.github.io/kuberay-helm/
  version: 1.2.2
digest: sha256:51dec0ae8d1294b98e9ab1db61b096fd29565ff7c9a0218befd6b54cd06128f3
generated: "2025-01-17T14:33:34.114247+01:00"
