dependencies:
- name: postgresql
  repository: oci://registry-1.docker.io/bitnamicharts
  version: 15.5.20
- name: kuberay-operator
  repository: https://ray-project.github.io/kuberay-helm/
  version: 1.2.2
- name: kuberay-apiserver
  repository: https://ray-project.github.io/kuberay-helm/
  version: 1.2.2
- name: ray-cluster
  repository: https://ray-project.github.io/kuberay-helm/
  version: 1.2.2
digest: sha256:b25b052a0b1954addb5a9fd35a447fa4296379f76b08896842a5b9aa4bea2742
generated: "2025-01-17T15:09:21.318365+01:00"
