dependencies:
- name: postgresql
  repository: oci://registry-1.docker.io/bitnamicharts
  version: 15.5.20
- name: kuberay-operator
  repository: https://ray-project.github.io/kuberay-helm/
  version: 1.2.2
- name: ray-cluster
  repository: https://ray-project.github.io/kuberay-helm/
  version: 1.2.2
- name: mlflow
  repository: oci://registry-1.docker.io/bitnamicharts
  version: 2.5.2
digest: sha256:48c5761a4284bcea5787b69d1236b57a83e0cd3cebceff67a444c74ecf892d45
generated: "2025-03-03T11:05:12.982425+01:00"
