dependencies:
- name: postgresql
  repository: oci://registry-1.docker.io/bitnamicharts
  version: 15.5.20
- name: kuberay-operator
  repository: https://ray-project.github.io/kuberay-helm/
  version: 1.2.2
- name: ray-cluster
  repository: https://ray-project.github.io/kuberay-helm/
  version: 1.2.2
- name: mlflow
  repository: https://community-charts.github.io/helm-charts
  version: 0.13.1
digest: sha256:9c37df6fbd0693066c18c7bcb2900571d3067277c26ebebd1ae6be145667513b
generated: "2025-02-25T13:38:56.43421Z"
